// !$*UTF8*$!
{
	archiveVersion = 1;
	classes = {
	};
	objectVersion = 55;
	objects = {

/* Begin PBXBuildFile section */
		AD7FDFFE28B63F4D000BB520 /* AppDelegate.swift in Sources */ = {isa = PBXBuildFile; fileRef = AD7FDFFD28B63F4D000BB520 /* AppDelegate.swift */; };
		AD7FE00028B63F4D000BB520 /* SceneDelegate.swift in Sources */ = {isa = PBXBuildFile; fileRef = AD7FDFFF28B63F4D000BB520 /* SceneDelegate.swift */; };
		AD7FE00228B63F4D000BB520 /* ViewController.swift in Sources */ = {isa = PBXBuildFile; fileRef = AD7FE00128B63F4D000BB520 /* ViewController.swift */; };
		AD7FE00528B63F4D000BB520 /* Main.storyboard in Resources */ = {isa = PBXBuildFile; fileRef = AD7FE00328B63F4D000BB520 /* Main.storyboard */; };
		AD7FE00728B63F4E000BB520 /* Assets.xcassets in Resources */ = {isa = PBXBuildFile; fileRef = AD7FE00628B63F4E000BB520 /* Assets.xcassets */; };
		AD7FE00A28B63F4E000BB520 /* LaunchScreen.storyboard in Resources */ = {isa = PBXBuildFile; fileRef = AD7FE00828B63F4E000BB520 /* LaunchScreen.storyboard */; };
		AD7FE01528B63FAF000BB520 /* Tasks.swift in Sources */ = {isa = PBXBuildFile; fileRef = AD7FE01428B63FAF000BB520 /* Tasks.swift */; };
		AD7FE01728B642A9000BB520 /* TaskTableViewCell.swift in Sources */ = {isa = PBXBuildFile; fileRef = AD7FE01628B642A9000BB520 /* TaskTableViewCell.swift */; };
/* End PBXBuildFile section */

/* Begin PBXFileReference section */
		AD7FDFFA28B63F4D000BB520 /* TasksProject.app */ = {isa = PBXFileReference; explicitFileType = wrapper.application; includeInIndex = 0; path = TasksProject.app; sourceTree = BUILT_PRODUCTS_DIR; };
		AD7FDFFD28B63F4D000BB520 /* AppDelegate.swift */ = {isa = PBXFileReference; lastKnownFileType = sourcecode.swift; path = AppDelegate.swift; sourceTree = "<group>"; };
		AD7FDFFF28B63F4D000BB520 /* SceneDelegate.swift */ = {isa = PBXFileReference; lastKnownFileType = sourcecode.swift; path = SceneDelegate.swift; sourceTree = "<group>"; };
		AD7FE00128B63F4D000BB520 /* ViewController.swift */ = {isa = PBXFileReference; lastKnownFileType = sourcecode.swift; path = ViewController.swift; sourceTree = "<group>"; };
		AD7FE00428B63F4D000BB520 /* Base */ = {isa = PBXFileReference; lastKnownFileType = file.storyboard; name = Base; path = Base.lproj/Main.storyboard; sourceTree = "<group>"; };
		AD7FE00628B63F4E000BB520 /* Assets.xcassets */ = {isa = PBXFileReference; lastKnownFileType = folder.assetcatalog; path = Assets.xcassets; sourceTree = "<group>"; };
		AD7FE00928B63F4E000BB520 /* Base */ = {isa = PBXFileReference; lastKnownFileType = file.storyboard; name = Base; path = Base.lproj/LaunchScreen.storyboard; sourceTree = "<group>"; };
		AD7FE00B28B63F4E000BB520 /* Info.plist */ = {isa = PBXFileReference; lastKnownFileType = text.plist.xml; path = Info.plist; sourceTree = "<group>"; };
		AD7FE01428B63FAF000BB520 /* Tasks.swift */ = {isa = PBXFileReference; lastKnownFileType = sourcecode.swift; path = Tasks.swift; sourceTree = "<group>"; };
		AD7FE01628B642A9000BB520 /* TaskTableViewCell.swift */ = {isa = PBXFileReference; lastKnownFileType = sourcecode.swift; path = TaskTableViewCell.swift; sourceTree = "<group>"; };
/* End PBXFileReference section */

/* Begin PBXFrameworksBuildPhase section */
		AD7FDFF728B63F4D000BB520 /* Frameworks */ = {
			isa = PBXFrameworksBuildPhase;
			buildActionMask = 2147483647;
			files = (
			);
			runOnlyForDeploymentPostprocessing = 0;
		};
/* End PBXFrameworksBuildPhase section */

/* Begin PBXGroup section */
		AD7FDFF128B63F4D000BB520 = {
			isa = PBXGroup;
			children = (
				AD7FDFFC28B63F4D000BB520 /* TasksProject */,
				AD7FDFFB28B63F4D000BB520 /* Products */,
			);
			sourceTree = "<group>";
		};
		AD7FDFFB28B63F4D000BB520 /* Products */ = {
			isa = PBXGroup;
			children = (
				AD7FDFFA28B63F4D000BB520 /* TasksProject.app */,
			);
			name = Products;
			sourceTree = "<group>";
		};
		AD7FDFFC28B63F4D000BB520 /* TasksProject */ = {
			isa = PBXGroup;
			children = (
				AD7FE01128B63F74000BB520 /* Model */,
				AD7FE01228B63F7F000BB520 /* View */,
				AD7FE01328B63F86000BB520 /* Controller */,
				AD7FDFFD28B63F4D000BB520 /* AppDelegate.swift */,
				AD7FDFFF28B63F4D000BB520 /* SceneDelegate.swift */,
				AD7FE00628B63F4E000BB520 /* Assets.xcassets */,
				AD7FE00828B63F4E000BB520 /* LaunchScreen.storyboard */,
				AD7FE00B28B63F4E000BB520 /* Info.plist */,
			);
			path = TasksProject;
			sourceTree = "<group>";
		};
		AD7FE01128B63F74000BB520 /* Model */ = {
			isa = PBXGroup;
			children = (
				AD7FE01428B63FAF000BB520 /* Tasks.swift */,
			);
			path = Model;
			sourceTree = "<group>";
		};
		AD7FE01228B63F7F000BB520 /* View */ = {
			isa = PBXGroup;
			children = (
				AD7FE00328B63F4D000BB520 /* Main.storyboard */,
			);
			path = View;
			sourceTree = "<group>";
		};
		AD7FE01328B63F86000BB520 /* Controller */ = {
			isa = PBXGroup;
			children = (
				AD7FE00128B63F4D000BB520 /* ViewController.swift */,
				AD7FE01628B642A9000BB520 /* TaskTableViewCell.swift */,
			);
			path = Controller;
			sourceTree = "<group>";
		};
/* End PBXGroup section */

/* Begin PBXNativeTarget section */
		AD7FDFF928B63F4D000BB520 /* TasksProject */ = {
			isa = PBXNativeTarget;
			buildConfigurationList = AD7FE00E28B63F4E000BB520 /* Build configuration list for PBXNativeTarget "TasksProject" */;
			buildPhases = (
				AD7FDFF628B63F4D000BB520 /* Sources */,
				AD7FDFF728B63F4D000BB520 /* Frameworks */,
				AD7FDFF828B63F4D000BB520 /* Resources */,
			);
			buildRules = (
			);
			dependencies = (
			);
			name = TasksProject;
			productName = TasksProject;
			productReference = AD7FDFFA28B63F4D000BB520 /* TasksProject.app */;
			productType = "com.apple.product-type.application";
		};
/* End PBXNativeTarget section */

/* Begin PBXProject section */
		AD7FDFF228B63F4D000BB520 /* Project object */ = {
			isa = PBXProject;
			attributes = {
				BuildIndependentTargetsInParallel = 1;
				LastSwiftUpdateCheck = 1340;
				LastUpgradeCheck = 1340;
				TargetAttributes = {
					AD7FDFF928B63F4D000BB520 = {
						CreatedOnToolsVersion = 13.4.1;
					};
				};
			};
			buildConfigurationList = AD7FDFF528B63F4D000BB520 /* Build configuration list for PBXProject "TasksProject" */;
			compatibilityVersion = "Xcode 13.0";
			developmentRegion = en;
			hasScannedForEncodings = 0;
			knownRegions = (
				en,
				Base,
			);
			mainGroup = AD7FDFF128B63F4D000BB520;
			productRefGroup = AD7FDFFB28B63F4D000BB520 /* Products */;
			projectDirPath = "";
			projectRoot = "";
			targets = (
				AD7FDFF928B63F4D000BB520 /* TasksProject */,
			);
		};
/* End PBXProject section */

/* Begin PBXResourcesBuildPhase section */
		AD7FDFF828B63F4D000BB520 /* Resources */ = {
			isa = PBXResourcesBuildPhase;
			buildActionMask = 2147483647;
			files = (
				AD7FE00A28B63F4E000BB520 /* LaunchScreen.storyboard in Resources */,
				AD7FE00728B63F4E000BB520 /* Assets.xcassets in Resources */,
				AD7FE00528B63F4D000BB520 /* Main.storyboard in Resources */,
			);
			runOnlyForDeploymentPostprocessing = 0;
		};
/* End PBXResourcesBuildPhase section */

/* Begin PBXSourcesBuildPhase section */
		AD7FDFF628B63F4D000BB520 /* Sources */ = {
			isa = PBXSourcesBuildPhase;
			buildActionMask = 2147483647;
			files = (
				AD7FE01528B63FAF000BB520 /* Tasks.swift in Sources */,
				AD7FE00228B63F4D000BB520 /* ViewController.swift in Sources */,
				AD7FE01728B642A9000BB520 /* TaskTableViewCell.swift in Sources */,
				AD7FDFFE28B63F4D000BB520 /* AppDelegate.swift in Sources */,
				AD7FE00028B63F4D000BB520 /* SceneDelegate.swift in Sources */,
			);
			runOnlyForDeploymentPostprocessing = 0;
		};
/* End PBXSourcesBuildPhase section */

/* Begin PBXVariantGroup section */
		AD7FE00328B63F4D000BB520 /* Main.storyboard */ = {
			isa = PBXVariantGroup;
			children = (
				AD7FE00428B63F4D000BB520 /* Base */,
			);
			name = Main.storyboard;
			sourceTree = "<group>";
		};
		AD7FE00828B63F4E000BB520 /* LaunchScreen.storyboard */ = {
			isa = PBXVariantGroup;
			children = (
				AD7FE00928B63F4E000BB520 /* Base */,
			);
			name = LaunchScreen.storyboard;
			sourceTree = "<group>";
		};
/* End PBXVariantGroup section */

/* Begin XCBuildConfiguration section */
		AD7FE00C28B63F4E000BB520 /* Debug */ = {
			isa = XCBuildConfiguration;
			buildSettings = {
				ALWAYS_SEARCH_USER_PATHS = NO;
				CLANG_ANALYZER_NONNULL = YES;
				CLANG_ANALYZER_NUMBER_OBJECT_CONVERSION = YES_AGGRESSIVE;
				CLANG_CXX_LANGUAGE_STANDARD = "gnu++17";
				CLANG_ENABLE_MODULES = YES;
				CLANG_ENABLE_OBJC_ARC = YES;
				CLANG_ENABLE_OBJC_WEAK = YES;
				CLANG_WARN_BLOCK_CAPTURE_AUTORELEASING = YES;
				CLANG_WARN_BOOL_CONVERSION = YES;
				CLANG_WARN_COMMA = YES;
				CLANG_WARN_CONSTANT_CONVERSION = YES;
				CLANG_WARN_DEPRECATED_OBJC_IMPLEMENTATIONS = YES;
				CLANG_WARN_DIRECT_OBJC_ISA_USAGE = YES_ERROR;
				CLANG_WARN_DOCUMENTATION_COMMENTS = YES;
				CLANG_WARN_EMPTY_BODY = YES;
				CLANG_WARN_ENUM_CONVERSION = YES;
				CLANG_WARN_INFINITE_RECURSION = YES;
				CLANG_WARN_INT_CONVERSION = YES;
				CLANG_WARN_NON_LITERAL_NULL_CONVERSION = YES;
				CLANG_WARN_OBJC_IMPLICIT_RETAIN_SELF = YES;
				CLANG_WARN_OBJC_LITERAL_CONVERSION = YES;
				CLANG_WARN_OBJC_ROOT_CLASS = YES_ERROR;
				CLANG_WARN_QUOTED_INCLUDE_IN_FRAMEWORK_HEADER = YES;
				CLANG_WARN_RANGE_LOOP_ANALYSIS = YES;
				CLANG_WARN_STRICT_PROTOTYPES = YES;
				CLANG_WARN_SUSPICIOUS_MOVE = YES;
				CLANG_WARN_UNGUARDED_AVAILABILITY = YES_AGGRESSIVE;
				CLANG_WARN_UNREACHABLE_CODE = YES;
				CLANG_WARN__DUPLICATE_METHOD_MATCH = YES;
				COPY_PHASE_STRIP = NO;
				DEBUG_INFORMATION_FORMAT = dwarf;
				ENABLE_STRICT_OBJC_MSGSEND = YES;
				ENABLE_TESTABILITY = YES;
				GCC_C_LANGUAGE_STANDARD = gnu11;
				GCC_DYNAMIC_NO_PIC = NO;
				GCC_NO_COMMON_BLOCKS = YES;
				GCC_OPTIMIZATION_LEVEL = 0;
				GCC_PREPROCESSOR_DEFINITIONS = (
					"DEBUG=1",
					"$(inherited)",
				);
				GCC_WARN_64_TO_32_BIT_CONVERSION = YES;
				GCC_WARN_ABOUT_RETURN_TYPE = YES_ERROR;
				GCC_WARN_UNDECLARED_SELECTOR = YES;
				GCC_WARN_UNINITIALIZED_AUTOS = YES_AGGRESSIVE;
				GCC_WARN_UNUSED_FUNCTION = YES;
				GCC_WARN_UNUSED_VARIABLE = YES;
				IPHONEOS_DEPLOYMENT_TARGET = 15.5;
				MTL_ENABLE_DEBUG_INFO = INCLUDE_SOURCE;
				MTL_FAST_MATH = YES;
				ONLY_ACTIVE_ARCH = YES;
				SDKROOT = iphoneos;
				SWIFT_ACTIVE_COMPILATION_CONDITIONS = DEBUG;
				SWIFT_OPTIMIZATION_LEVEL = "-Onone";
			};
			name = Debug;
		};
		AD7FE00D28B63F4E000BB520 /* Release */ = {
			isa = XCBuildConfiguration;
			buildSettings = {
				ALWAYS_SEARCH_USER_PATHS = NO;
				CLANG_ANALYZER_NONNULL = YES;
				CLANG_ANALYZER_NUMBER_OBJECT_CONVERSION = YES_AGGRESSIVE;
				CLANG_CXX_LANGUAGE_STANDARD = "gnu++17";
				CLANG_ENABLE_MODULES = YES;
				CLANG_ENABLE_OBJC_ARC = YES;
				CLANG_ENABLE_OBJC_WEAK = YES;
				CLANG_WARN_BLOCK_CAPTURE_AUTORELEASING = YES;
				CLANG_WARN_BOOL_CONVERSION = YES;
				CLANG_WARN_COMMA = YES;
				CLANG_WARN_CONSTANT_CONVERSION = YES;
				CLANG_WARN_DEPRECATED_OBJC_IMPLEMENTATIONS = YES;
				CLANG_WARN_DIRECT_OBJC_ISA_USAGE = YES_ERROR;
				CLANG_WARN_DOCUMENTATION_COMMENTS = YES;
				CLANG_WARN_EMPTY_BODY = YES;
				CLANG_WARN_ENUM_CONVERSION = YES;
				CLANG_WARN_INFINITE_RECURSION = YES;
				CLANG_WARN_INT_CONVERSION = YES;
				CLANG_WARN_NON_LITERAL_NULL_CONVERSION = YES;
				CLANG_WARN_OBJC_IMPLICIT_RETAIN_SELF = YES;
				CLANG_WARN_OBJC_LITERAL_CONVERSION = YES;
				CLANG_WARN_OBJC_ROOT_CLASS = YES_ERROR;
				CLANG_WARN_QUOTED_INCLUDE_IN_FRAMEWORK_HEADER = YES;
				CLANG_WARN_RANGE_LOOP_ANALYSIS = YES;
				CLANG_WARN_STRICT_PROTOTYPES = YES;
				CLANG_WARN_SUSPICIOUS_MOVE = YES;
				CLANG_WARN_UNGUARDED_AVAILABILITY = YES_AGGRESSIVE;
				CLANG_WARN_UNREACHABLE_CODE = YES;
				CLANG_WARN__DUPLICATE_METHOD_MATCH = YES;
				COPY_PHASE_STRIP = NO;
				DEBUG_INFORMATION_FORMAT = "dwarf-with-dsym";
				ENABLE_NS_ASSERTIONS = NO;
				ENABLE_STRICT_OBJC_MSGSEND = YES;
				GCC_C_LANGUAGE_STANDARD = gnu11;
				GCC_NO_COMMON_BLOCKS = YES;
				GCC_WARN_64_TO_32_BIT_CONVERSION = YES;
				GCC_WARN_ABOUT_RETURN_TYPE = YES_ERROR;
				GCC_WARN_UNDECLARED_SELECTOR = YES;
				GCC_WARN_UNINITIALIZED_AUTOS = YES_AGGRESSIVE;
				GCC_WARN_UNUSED_FUNCTION = YES;
				GCC_WARN_UNUSED_VARIABLE = YES;
				IPHONEOS_DEPLOYMENT_TARGET = 15.5;
				MTL_ENABLE_DEBUG_INFO = NO;
				MTL_FAST_MATH = YES;
				SDKROOT = iphoneos;
				SWIFT_COMPILATION_MODE = wholemodule;
				SWIFT_OPTIMIZATION_LEVEL = "-O";
				VALIDATE_PRODUCT = YES;
			};
			name = Release;
		};
		AD7FE00F28B63F4E000BB520 /* Debug */ = {
			isa = XCBuildConfiguration;
			buildSettings = {
				ASSETCATALOG_COMPILER_APPICON_NAME = AppIcon;
				ASSETCATALOG_COMPILER_GLOBAL_ACCENT_COLOR_NAME = AccentColor;
				CODE_SIGN_STYLE = Automatic;
				CURRENT_PROJECT_VERSION = 1;
				DEVELOPMENT_TEAM = 8B29PPTYV5;
				GENERATE_INFOPLIST_FILE = YES;
				INFOPLIST_FILE = TasksProject/Info.plist;
				INFOPLIST_KEY_UIApplicationSupportsIndirectInputEvents = YES;
				INFOPLIST_KEY_UILaunchStoryboardName = LaunchScreen;
				INFOPLIST_KEY_UIMainStoryboardFile = Main;
				INFOPLIST_KEY_UISupportedInterfaceOrientations_iPad = "UIInterfaceOrientationPortrait UIInterfaceOrientationPortraitUpsideDown UIInterfaceOrientationLandscapeLeft UIInterfaceOrientationLandscapeRight";
				INFOPLIST_KEY_UISupportedInterfaceOrientations_iPhone = "UIInterfaceOrientationPortrait UIInterfaceOrientationLandscapeLeft UIInterfaceOrientationLandscapeRight";
				LD_RUNPATH_SEARCH_PATHS = (
					"$(inherited)",
					"@executable_path/Frameworks",
				);
				MARKETING_VERSION = 1.0;
				PRODUCT_BUNDLE_IDENTIFIER = com.myorganization.TasksProject;
				PRODUCT_NAME = "$(TARGET_NAME)";
				SWIFT_EMIT_LOC_STRINGS = YES;
				SWIFT_VERSION = 5.0;
				TARGETED_DEVICE_FAMILY = "1,2";
			};
			name = Debug;
		};
		AD7FE01028B63F4E000BB520 /* Release */ = {
			isa = XCBuildConfiguration;
			buildSettings = {
				ASSETCATALOG_COMPILER_APPICON_NAME = AppIcon;
				ASSETCATALOG_COMPILER_GLOBAL_ACCENT_COLOR_NAME = AccentColor;
				CODE_SIGN_STYLE = Automatic;
				CURRENT_PROJECT_VERSION = 1;
				DEVELOPMENT_TEAM = 8B29PPTYV5;
				GENERATE_INFOPLIST_FILE = YES;
				INFOPLIST_FILE = TasksProject/Info.plist;
				INFOPLIST_KEY_UIApplicationSupportsIndirectInputEvents = YES;
				INFOPLIST_KEY_UILaunchStoryboardName = LaunchScreen;
				INFOPLIST_KEY_UIMainStoryboardFile = Main;
				INFOPLIST_KEY_UISupportedInterfaceOrientations_iPad = "UIInterfaceOrientationPortrait UIInterfaceOrientationPortraitUpsideDown UIInterfaceOrientationLandscapeLeft UIInterfaceOrientationLandscapeRight";
				INFOPLIST_KEY_UISupportedInterfaceOrientations_iPhone = "UIInterfaceOrientationPortrait UIInterfaceOrientationLandscapeLeft UIInterfaceOrientationLandscapeRight";
				LD_RUNPATH_SEARCH_PATHS = (
					"$(inherited)",
					"@executable_path/Frameworks",
				);
				MARKETING_VERSION = 1.0;
				PRODUCT_BUNDLE_IDENTIFIER = com.myorganization.TasksProject;
				PRODUCT_NAME = "$(TARGET_NAME)";
				SWIFT_EMIT_LOC_STRINGS = YES;
				SWIFT_VERSION = 5.0;
				TARGETED_DEVICE_FAMILY = "1,2";
			};
			name = Release;
		};
/* End XCBuildConfiguration section */

/* Begin XCConfigurationList section */
		AD7FDFF528B63F4D000BB520 /* Build configuration list for PBXProject "TasksProject" */ = {
			isa = XCConfigurationList;
			buildConfigurations = (
				AD7FE00C28B63F4E000BB520 /* Debug */,
				AD7FE00D28B63F4E000BB520 /* Release */,
			);
			defaultConfigurationIsVisible = 0;
			defaultConfigurationName = Release;
		};
		AD7FE00E28B63F4E000BB520 /* Build configuration list for PBXNativeTarget "TasksProject" */ = {
			isa = XCConfigurationList;
			buildConfigurations = (
				AD7FE00F28B63F4E000BB520 /* Debug */,
				AD7FE01028B63F4E000BB520 /* Release */,
			);
			defaultConfigurationIsVisible = 0;
			defaultConfigurationName = Release;
		};
/* End XCConfigurationList section */
	};
	rootObject = AD7FDFF228B63F4D000BB520 /* Project object */;
}
